
Microsoft Visual Studio Solution File, Format Version 12.00
# Visual Studio 15
VisualStudioVersion = 15.0.27428.2005
MinimumVisualStudioVersion = 10.0.40219.1
Project("{FAE04EC0-301F-11D3-BF4B-00C04F79EFBC}") = "ITIX.Core", "ITIX.Core\ITIX.Core.csproj", "{E22EAB0D-37D5-4A67-8D7B-38C53F7C2AAB}"
EndProject
Project("{FAE04EC0-301F-11D3-BF4B-00C04F79EFBC}") = "ITIX.Application", "ITIX.Application\ITIX.Application.csproj", "{D01472A3-290B-439E-9718-E1EC99421067}"
EndProject
Project("{FAE04EC0-301F-11D3-BF4B-00C04F79EFBC}") = "ITIX.EntityFramework", "ITIX.EntityFramework\ITIX.EntityFramework.csproj", "{89BD71C5-86D7-471F-8745-6080407D7026}"
EndProject
Project("{FAE04EC0-301F-11D3-BF4B-00C04F79EFBC}") = "ITIX.View", "ITIX.View\ITIX.View.csproj", "{81E22C8A-0DF3-48F2-A29E-9D117238A66C}"
EndProject
Project("{FAE04EC0-301F-11D3-BF4B-00C04F79EFBC}") = "ITIX.Test", "ITIX.Test\ITIX.Test.csproj", "{ECA923B0-0357-4F88-8A86-7A777A34D7CA}"
EndProject
Project("{FAE04EC0-301F-11D3-BF4B-00C04F79EFBC}") = "ITIX.ViewForm", "ITIX.ViewForm\ITIX.ViewForm.csproj", "{08D84FB2-2671-47DF-BCD0-343B24FFB855}"
	ProjectSection(ProjectDependencies) = postProject
		{D01472A3-290B-439E-9718-E1EC99421067} = {D01472A3-290B-439E-9718-E1EC99421067}
	EndProjectSection
EndProject
Project("{FAE04EC0-301F-11D3-BF4B-00C04F79EFBC}") = "ITIX.Component", "ITIX.Component\ITIX.Component.csproj", "{B8BF0ABF-CE3B-4346-B498-3E7F8DC85FB4}"
EndProject
Global
	GlobalSection(SolutionConfigurationPlatforms) = preSolution
		Debug|Any CPU = Debug|Any CPU
		Release|Any CPU = Release|Any CPU
	EndGlobalSection
	GlobalSection(ProjectConfigurationPlatforms) = postSolution
		{E22EAB0D-37D5-4A67-8D7B-38C53F7C2AAB}.Debug|Any CPU.ActiveCfg = Debug|Any CPU
		{E22EAB0D-37D5-4A67-8D7B-38C53F7C2AAB}.Debug|Any CPU.Build.0 = Debug|Any CPU
		{E22EAB0D-37D5-4A67-8D7B-38C53F7C2AAB}.Release|Any CPU.ActiveCfg = Release|Any CPU
		{E22EAB0D-37D5-4A67-8D7B-38C53F7C2AAB}.Release|Any CPU.Build.0 = Release|Any CPU
		{D01472A3-290B-439E-9718-E1EC99421067}.Debug|Any CPU.ActiveCfg = Debug|Any CPU
		{D01472A3-290B-439E-9718-E1EC99421067}.Debug|Any CPU.Build.0 = Debug|Any CPU
		{D01472A3-290B-439E-9718-E1EC99421067}.Release|Any CPU.ActiveCfg = Release|Any CPU
		{D01472A3-290B-439E-9718-E1EC99421067}.Release|Any CPU.Build.0 = Release|Any CPU
		{89BD71C5-86D7-471F-8745-6080407D7026}.Debug|Any CPU.ActiveCfg = Debug|Any CPU
		{89BD71C5-86D7-471F-8745-6080407D7026}.Debug|Any CPU.Build.0 = Debug|Any CPU
		{89BD71C5-86D7-471F-8745-6080407D7026}.Release|Any CPU.ActiveCfg = Release|Any CPU
		{89BD71C5-86D7-471F-8745-6080407D7026}.Release|Any CPU.Build.0 = Release|Any CPU
		{81E22C8A-0DF3-48F2-A29E-9D117238A66C}.Debug|Any CPU.ActiveCfg = Debug|Any CPU
		{81E22C8A-0DF3-48F2-A29E-9D117238A66C}.Debug|Any CPU.Build.0 = Debug|Any CPU
		{81E22C8A-0DF3-48F2-A29E-9D117238A66C}.Release|Any CPU.ActiveCfg = Release|Any CPU
		{81E22C8A-0DF3-48F2-A29E-9D117238A66C}.Release|Any CPU.Build.0 = Release|Any CPU
		{ECA923B0-0357-4F88-8A86-7A777A34D7CA}.Debug|Any CPU.ActiveCfg = Debug|Any CPU
		{ECA923B0-0357-4F88-8A86-7A777A34D7CA}.Debug|Any CPU.Build.0 = Debug|Any CPU
		{ECA923B0-0357-4F88-8A86-7A777A34D7CA}.Release|Any CPU.ActiveCfg = Release|Any CPU
		{ECA923B0-0357-4F88-8A86-7A777A34D7CA}.Release|Any CPU.Build.0 = Release|Any CPU
		{08D84FB2-2671-47DF-BCD0-343B24FFB855}.Debug|Any CPU.ActiveCfg = Debug|Any CPU
		{08D84FB2-2671-47DF-BCD0-343B24FFB855}.Debug|Any CPU.Build.0 = Debug|Any CPU
		{08D84FB2-2671-47DF-BCD0-343B24FFB855}.Release|Any CPU.ActiveCfg = Release|Any CPU
		{08D84FB2-2671-47DF-BCD0-343B24FFB855}.Release|Any CPU.Build.0 = Release|Any CPU
		{B8BF0ABF-CE3B-4346-B498-3E7F8DC85FB4}.Debug|Any CPU.ActiveCfg = Debug|Any CPU
		{B8BF0ABF-CE3B-4346-B498-3E7F8DC85FB4}.Debug|Any CPU.Build.0 = Debug|Any CPU
		{B8BF0ABF-CE3B-4346-B498-3E7F8DC85FB4}.Release|Any CPU.ActiveCfg = Release|Any CPU
		{B8BF0ABF-CE3B-4346-B498-3E7F8DC85FB4}.Release|Any CPU.Build.0 = Release|Any CPU
	EndGlobalSection
	GlobalSection(SolutionProperties) = preSolution
		HideSolutionNode = FALSE
	EndGlobalSection
	GlobalSection(ExtensibilityGlobals) = postSolution
		SolutionGuid = {CA22010A-1530-40C3-83A3-245E075A8CAA}
	EndGlobalSection
EndGlobal
